{
    "_readme": [
        "This file locks the dependencies of your project to a known state",
        "Read more about it at https://getcomposer.org/doc/01-basic-usage.md#installing-dependencies",
        "This file is @generated automatically"
    ],
    "content-hash": "fb2d1823be3550448b8185a4a08afbf8",
    "packages": [
        {
            "name": "halaxa/json-machine",
            "version": "0.3.3",
            "source": {
                "type": "git",
                "url": "https://github.com/halaxa/json-machine.git",
                "reference": "6333030d3f5f3673738db30425264ca5d901aac8"
            },
            "dist": {
                "type": "zip",
                "url": "https://api.github.com/repos/halaxa/json-machine/zipball/6333030d3f5f3673738db30425264ca5d901aac8",
                "reference": "6333030d3f5f3673738db30425264ca5d901aac8",
                "shasum": ""
            },
            "require": {
                "ext-json": "*",
                "php": ">=5.6"
            },
            "require-dev": {
                "guzzlehttp/guzzle": "^6",
                "phpunit/phpunit": "^5.7",
                "symfony/http-client": "^5"
            },
            "type": "library",
            "autoload": {
                "psr-4": {
                    "JsonMachine\\": "src/"
                },
                "files": [
                    "src/functions.php"
                ]
            },
            "notification-url": "https://packagist.org/downloads/",
            "license": [
                "Apache-2.0"
            ],
            "authors": [
                {
                    "name": "Filip Halaxa",
                    "email": "filip@halaxa.cz"
                }
            ],
            "description": "Efficient, easy-to-use and fast JSON pull parser",
            "time": "2019-12-20T18:30:23+00:00"
        },
        {
            "name": "jajo/jsondb",
            "version": "v2.1.1",
            "source": {
                "type": "git",
                "url": "https://github.com/donjajo/php-jsondb.git",
                "reference": "41c94c34775b4d4f2d0494cc2e387659efe1ee4e"
            },
            "dist": {
                "type": "zip",
                "url": "https://api.github.com/repos/donjajo/php-jsondb/zipball/41c94c34775b4d4f2d0494cc2e387659efe1ee4e",
                "reference": "41c94c34775b4d4f2d0494cc2e387659efe1ee4e",
                "shasum": ""
            },
            "require-dev": {
                "phpunit/phpunit": "^7"
            },
            "type": "library",
            "autoload": {
                "psr-4": {
                    "Jajo\\": "src/"
                },
                "files": [
                    "helpers/dataTypes.php"
                ]
            },
            "notification-url": "https://packagist.org/downloads/",
            "license": [
                "MIT"
            ],
            "authors": [
                {
                    "name": "Jajo",
                    "email": "me@donjajo.com"
                }
            ],
            "description": "A PHP Class that reads JSON file as a database. Use for sample DBs",
            "time": "2020-04-17T19:02:24+00:00"
        }
    ],
    "packages-dev": [
        {
            "name": "mikey179/vfsstream",
            "version": "v1.1.0",
            "source": {
                "type": "git",
                "url": "https://github.com/bovigo/vfsStream.git",
                "reference": "fc0fe8f4d0b527254a2dc45f0c265567c881d07e"
            },
            "dist": {
                "type": "zip",
                "url": "https://api.github.com/repos/bovigo/vfsStream/zipball/fc0fe8f4d0b527254a2dc45f0c265567c881d07e",
                "reference": "fc0fe8f4d0b527254a2dc45f0c265567c881d07e",
                "shasum": ""
            },
            "require": {
                "php": ">=5.3.0"
            },
            "type": "library",
            "autoload": {
                "psr-0": {
                    "org\\bovigo\\vfs": "src/main/php"
                }
            },
            "notification-url": "https://packagist.org/downloads/",
            "license": [
                "BSD"
            ],
            "homepage": "http://vfs.bovigo.org/",
            "time": "2012-08-25T12:49:29+00:00"
        }
    ],
    "aliases": [],
    "minimum-stability": "stable",
    "stability-flags": [],
    "prefer-stable": false,
    "prefer-lowest": false,
    "platform": {
        "php": ">=5.2.4"
    },
    "platform-dev": [],
    "plugin-api-version": "1.1.0"
}
